
Microsoft Visual Studio Solution File, Format Version 12.00
# Visual Studio 2010
Project("{FAE04EC0-301F-11D3-BF4B-00C04F79EFBC}") = "AGWebHost", "AGWebHost\AGWebHost.csproj", "{189DF4A5-2302-4719-9285-0371DA1620B3}"
EndProject
Project("{FAE04EC0-301F-11D3-BF4B-00C04F79EFBC}") = "AGWeb", "AGWeb\AGWeb.csproj", "{54407C5F-0A6B-4BBC-8FA9-8219E592E30A}"
EndProject
Project("{FAE04EC0-301F-11D3-BF4B-00C04F79EFBC}") = "AGEditor", "AGEditor\AGEditor.csproj", "{BEA4EB82-A67C-460F-B5A3-AF46113E3083}"
EndProject
Project("{FAE04EC0-301F-11D3-BF4B-00C04F79EFBC}") = "AG.Core", "AG.Core\AG.Core.csproj", "{40289A74-734D-4131-9B5F-628CFC6FBEB1}"
EndProject
Global
	GlobalSection(TeamFoundationVersionControl) = preSolution
		SccNumberOfProjects = 5
		SccEnterpriseProvider = {4CA58AB2-18FA-4F8D-95D4-32DDF27D184C}
		SccTeamFoundationServer = https://tfs.codeplex.com/tfs/tfs23
		SccLocalPath0 = .
		SccProjectUniqueName1 = AGWebHost\\AGWebHost.csproj
		SccProjectName1 = AGWebHost
		SccLocalPath1 = AGWebHost
		SccProjectUniqueName2 = AGWeb\\AGWeb.csproj
		SccProjectName2 = AGWeb
		SccLocalPath2 = AGWeb
		SccProjectUniqueName3 = AGEditor\\AGEditor.csproj
		SccProjectName3 = AGEditor
		SccLocalPath3 = AGEditor
		SccProjectUniqueName4 = AG.Core\\AG.Core.csproj
		SccProjectName4 = AG.Core
		SccLocalPath4 = AG.Core
	EndGlobalSection
	GlobalSection(SolutionConfigurationPlatforms) = preSolution
		Debug|Any CPU = Debug|Any CPU
		Debug|Mixed Platforms = Debug|Mixed Platforms
		Debug|x86 = Debug|x86
		Release|Any CPU = Release|Any CPU
		Release|Mixed Platforms = Release|Mixed Platforms
		Release|x86 = Release|x86
	EndGlobalSection
	GlobalSection(ProjectConfigurationPlatforms) = postSolution
		{189DF4A5-2302-4719-9285-0371DA1620B3}.Debug|Any CPU.ActiveCfg = Debug|Any CPU
		{189DF4A5-2302-4719-9285-0371DA1620B3}.Debug|Any CPU.Build.0 = Debug|Any CPU
		{189DF4A5-2302-4719-9285-0371DA1620B3}.Debug|Mixed Platforms.ActiveCfg = Debug|Any CPU
		{189DF4A5-2302-4719-9285-0371DA1620B3}.Debug|Mixed Platforms.Build.0 = Debug|Any CPU
		{189DF4A5-2302-4719-9285-0371DA1620B3}.Debug|x86.ActiveCfg = Debug|Any CPU
		{189DF4A5-2302-4719-9285-0371DA1620B3}.Release|Any CPU.ActiveCfg = Release|Any CPU
		{189DF4A5-2302-4719-9285-0371DA1620B3}.Release|Any CPU.Build.0 = Release|Any CPU
		{189DF4A5-2302-4719-9285-0371DA1620B3}.Release|Mixed Platforms.ActiveCfg = Release|Any CPU
		{189DF4A5-2302-4719-9285-0371DA1620B3}.Release|Mixed Platforms.Build.0 = Release|Any CPU
		{189DF4A5-2302-4719-9285-0371DA1620B3}.Release|x86.ActiveCfg = Release|Any CPU
		{54407C5F-0A6B-4BBC-8FA9-8219E592E30A}.Debug|Any CPU.ActiveCfg = Debug|Any CPU
		{54407C5F-0A6B-4BBC-8FA9-8219E592E30A}.Debug|Any CPU.Build.0 = Debug|Any CPU
		{54407C5F-0A6B-4BBC-8FA9-8219E592E30A}.Debug|Mixed Platforms.ActiveCfg = Debug|Any CPU
		{54407C5F-0A6B-4BBC-8FA9-8219E592E30A}.Debug|Mixed Platforms.Build.0 = Debug|Any CPU
		{54407C5F-0A6B-4BBC-8FA9-8219E592E30A}.Debug|x86.ActiveCfg = Debug|Any CPU
		{54407C5F-0A6B-4BBC-8FA9-8219E592E30A}.Release|Any CPU.ActiveCfg = Release|Any CPU
		{54407C5F-0A6B-4BBC-8FA9-8219E592E30A}.Release|Any CPU.Build.0 = Release|Any CPU
		{54407C5F-0A6B-4BBC-8FA9-8219E592E30A}.Release|Mixed Platforms.ActiveCfg = Release|Any CPU
		{54407C5F-0A6B-4BBC-8FA9-8219E592E30A}.Release|Mixed Platforms.Build.0 = Release|Any CPU
		{54407C5F-0A6B-4BBC-8FA9-8219E592E30A}.Release|x86.ActiveCfg = Release|Any CPU
		{BEA4EB82-A67C-460F-B5A3-AF46113E3083}.Debug|Any CPU.ActiveCfg = Debug|x86
		{BEA4EB82-A67C-460F-B5A3-AF46113E3083}.Debug|Mixed Platforms.ActiveCfg = Debug|x86
		{BEA4EB82-A67C-460F-B5A3-AF46113E3083}.Debug|Mixed Platforms.Build.0 = Debug|x86
		{BEA4EB82-A67C-460F-B5A3-AF46113E3083}.Debug|x86.ActiveCfg = Debug|x86
		{BEA4EB82-A67C-460F-B5A3-AF46113E3083}.Debug|x86.Build.0 = Debug|x86
		{BEA4EB82-A67C-460F-B5A3-AF46113E3083}.Release|Any CPU.ActiveCfg = Release|x86
		{BEA4EB82-A67C-460F-B5A3-AF46113E3083}.Release|Mixed Platforms.ActiveCfg = Release|x86
		{BEA4EB82-A67C-460F-B5A3-AF46113E3083}.Release|Mixed Platforms.Build.0 = Release|x86
		{BEA4EB82-A67C-460F-B5A3-AF46113E3083}.Release|x86.ActiveCfg = Release|x86
		{BEA4EB82-A67C-460F-B5A3-AF46113E3083}.Release|x86.Build.0 = Release|x86
		{40289A74-734D-4131-9B5F-628CFC6FBEB1}.Debug|Any CPU.ActiveCfg = Debug|Any CPU
		{40289A74-734D-4131-9B5F-628CFC6FBEB1}.Debug|Any CPU.Build.0 = Debug|Any CPU
		{40289A74-734D-4131-9B5F-628CFC6FBEB1}.Debug|Mixed Platforms.ActiveCfg = Debug|Any CPU
		{40289A74-734D-4131-9B5F-628CFC6FBEB1}.Debug|Mixed Platforms.Build.0 = Debug|Any CPU
		{40289A74-734D-4131-9B5F-628CFC6FBEB1}.Debug|x86.ActiveCfg = Debug|Any CPU
		{40289A74-734D-4131-9B5F-628CFC6FBEB1}.Release|Any CPU.ActiveCfg = Release|Any CPU
		{40289A74-734D-4131-9B5F-628CFC6FBEB1}.Release|Any CPU.Build.0 = Release|Any CPU
		{40289A74-734D-4131-9B5F-628CFC6FBEB1}.Release|Mixed Platforms.ActiveCfg = Release|Any CPU
		{40289A74-734D-4131-9B5F-628CFC6FBEB1}.Release|Mixed Platforms.Build.0 = Release|Any CPU
		{40289A74-734D-4131-9B5F-628CFC6FBEB1}.Release|x86.ActiveCfg = Release|Any CPU
	EndGlobalSection
	GlobalSection(SolutionProperties) = preSolution
		HideSolutionNode = FALSE
	EndGlobalSection
EndGlobal
